GIT
  remote: https://github.com/lutaml/lutaml.git
  revision: ddaa769fbf9a709982c3c2f49c6bc9434376e319
  branch: rt-new-features
  specs:
    lutaml (0.9.43)
      expressir (~> 2.1)
      htmlentities
      liquid
      lutaml-model
      lutaml-path
      lutaml-xsd
      nokogiri (~> 1.18)
      paint
      parslet (~> 2.0)
      ruby-graphviz
      rubyzip (~> 3.2)
      sinatra (~> 4.2)
      sqlite3
      table_tennis
      thor (~> 1.4)
      xmi (~> 0.3)

GEM
  remote: https://rubygems.org/
  specs:
    base64 (0.3.0)
    benchmark-ips (2.14.0)
    bigdecimal (3.3.1)
    csv (3.3.5)
    expressir (2.1.30)
      base64
      benchmark-ips
      csv
      liquid
      lutaml-model
      moxml
      parslet (~> 2.0)
      ruby-progressbar (~> 1.11)
      table_tennis
      thor (~> 1.0)
    ffi (1.17.2-aarch64-linux-gnu)
    ffi (1.17.2-aarch64-linux-musl)
    ffi (1.17.2-arm-linux-gnu)
    ffi (1.17.2-arm-linux-musl)
    ffi (1.17.2-arm64-darwin)
    ffi (1.17.2-x86_64-darwin)
    ffi (1.17.2-x86_64-linux-gnu)
    ffi (1.17.2-x86_64-linux-musl)
    htmlentities (4.4.2)
    liquid (5.11.0)
      bigdecimal
      strscan (>= 3.1.1)
    logger (1.7.0)
    lutaml-model (0.7.7)
      moxml (>= 0.1.2)
      thor
    lutaml-path (0.1.0)
      parslet
    lutaml-xsd (1.0.4)
      lutaml-model (~> 0.7)
      zeitwerk
    memo_wise (1.13.0)
    moxml (0.1.7)
    mustermann (3.0.4)
      ruby2_keywords (~> 0.0.1)
    nokogiri (1.18.10-aarch64-linux-gnu)
      racc (~> 1.4)
    nokogiri (1.18.10-aarch64-linux-musl)
      racc (~> 1.4)
    nokogiri (1.18.10-arm-linux-gnu)
      racc (~> 1.4)
    nokogiri (1.18.10-arm-linux-musl)
      racc (~> 1.4)
    nokogiri (1.18.10-arm64-darwin)
      racc (~> 1.4)
    nokogiri (1.18.10-x86_64-darwin)
      racc (~> 1.4)
    nokogiri (1.18.10-x86_64-linux-gnu)
      racc (~> 1.4)
    nokogiri (1.18.10-x86_64-linux-musl)
      racc (~> 1.4)
    paint (2.3.0)
    parslet (2.0.0)
    racc (1.8.1)
    rack (3.2.4)
    rack-protection (4.2.1)
      base64 (>= 0.1.0)
      logger (>= 1.6.0)
      rack (>= 3.0.0, < 4)
    rack-session (2.1.1)
      base64 (>= 0.1.0)
      rack (>= 3.0.0)
    rexml (3.4.4)
    ruby-graphviz (1.2.5)
      rexml
    ruby-progressbar (1.13.0)
    ruby2_keywords (0.0.5)
    rubyzip (3.2.2)
    sinatra (4.2.1)
      logger (>= 1.6.0)
      mustermann (~> 3.0)
      rack (>= 3.0.0, < 4)
      rack-protection (= 4.2.1)
      rack-session (>= 2.0.0, < 3)
      tilt (~> 2.0)
    sqlite3 (2.8.0-aarch64-linux-gnu)
    sqlite3 (2.8.0-aarch64-linux-musl)
    sqlite3 (2.8.0-arm-linux-gnu)
    sqlite3 (2.8.0-arm-linux-musl)
    sqlite3 (2.8.0-arm64-darwin)
    sqlite3 (2.8.0-x86_64-darwin)
    sqlite3 (2.8.0-x86_64-linux-gnu)
    sqlite3 (2.8.0-x86_64-linux-musl)
    strscan (3.1.5)
    table_tennis (0.0.7)
      csv (~> 3.3)
      ffi (~> 1.17)
      memo_wise (~> 1.11)
      paint (~> 2.3)
      unicode-display_width (~> 3.1)
    thor (1.4.0)
    tilt (2.6.1)
    unicode-display_width (3.2.0)
      unicode-emoji (~> 4.1)
    unicode-emoji (4.1.0)
    xmi (0.3.21)
      lutaml-model (~> 0.7)
      nokogiri
    zeitwerk (2.7.3)

PLATFORMS
  aarch64-linux-gnu
  aarch64-linux-musl
  arm-linux-gnu
  arm-linux-musl
  arm64-darwin
  x86_64-darwin
  x86_64-linux-gnu
  x86_64-linux-musl

DEPENDENCIES
  lutaml!

BUNDLED WITH
   2.7.2
